
Microsoft Visual Studio Solution File, Format Version 12.00
# Visual Studio Version 17
VisualStudioVersion = 17.11.35222.181
MinimumVisualStudioVersion = 10.0.40219.1
Project("{FAE04EC0-301F-11D3-BF4B-00C04F79EFBC}") = "core", "core\core.csproj", "{0F5FB460-0E6E-4618-B881-7049AE9892B1}"
EndProject
Project("{FAE04EC0-301F-11D3-BF4B-00C04F79EFBC}") = "console", "console\console.csproj", "{7E3A697C-23D1-4C20-BDAF-766B8A3C7375}"
EndProject
Project("{FAE04EC0-301F-11D3-BF4B-00C04F79EFBC}") = "gui", "gui\gui.csproj", "{FB417ED1-C1BC-4C00-ACF7-759E61D4E54E}"
EndProject
Global
	GlobalSection(SolutionConfigurationPlatforms) = preSolution
		Debug|Any CPU = Debug|Any CPU
		Release|Any CPU = Release|Any CPU
	EndGlobalSection
	GlobalSection(ProjectConfigurationPlatforms) = postSolution
		{0F5FB460-0E6E-4618-B881-7049AE9892B1}.Debug|Any CPU.ActiveCfg = Debug|Any CPU
		{0F5FB460-0E6E-4618-B881-7049AE9892B1}.Debug|Any CPU.Build.0 = Debug|Any CPU
		{0F5FB460-0E6E-4618-B881-7049AE9892B1}.Release|Any CPU.ActiveCfg = Release|Any CPU
		{0F5FB460-0E6E-4618-B881-7049AE9892B1}.Release|Any CPU.Build.0 = Release|Any CPU
		{7E3A697C-23D1-4C20-BDAF-766B8A3C7375}.Debug|Any CPU.ActiveCfg = Debug|Any CPU
		{7E3A697C-23D1-4C20-BDAF-766B8A3C7375}.Debug|Any CPU.Build.0 = Debug|Any CPU
		{7E3A697C-23D1-4C20-BDAF-766B8A3C7375}.Release|Any CPU.ActiveCfg = Release|Any CPU
		{7E3A697C-23D1-4C20-BDAF-766B8A3C7375}.Release|Any CPU.Build.0 = Release|Any CPU
		{FB417ED1-C1BC-4C00-ACF7-759E61D4E54E}.Debug|Any CPU.ActiveCfg = Debug|Any CPU
		{FB417ED1-C1BC-4C00-ACF7-759E61D4E54E}.Debug|Any CPU.Build.0 = Debug|Any CPU
		{FB417ED1-C1BC-4C00-ACF7-759E61D4E54E}.Release|Any CPU.ActiveCfg = Release|Any CPU
		{FB417ED1-C1BC-4C00-ACF7-759E61D4E54E}.Release|Any CPU.Build.0 = Release|Any CPU
	EndGlobalSection
	GlobalSection(SolutionProperties) = preSolution
		HideSolutionNode = FALSE
	EndGlobalSection
	GlobalSection(ExtensibilityGlobals) = postSolution
		SolutionGuid = {AE15C954-0399-4678-A576-CF6B1614F5C4}
	EndGlobalSection
EndGlobal
